
Microsoft Visual Studio Solution File, Format Version 11.00
# Visual Studio 2010
Project("{FAE04EC0-301F-11D3-BF4B-00C04F79EFBC}") = "UnityEngine.TestRunner", "UnityEngine.TestRunner.csproj", "{999d3d70-9cca-d0c3-a550-71bf2101e952}"
EndProject
Project("{FAE04EC0-301F-11D3-BF4B-00C04F79EFBC}") = "UnityEngine.UI", "UnityEngine.UI.csproj", "{3c3d8fb2-818c-c6e0-04f2-2354a7479487}"
EndProject
Project("{FAE04EC0-301F-11D3-BF4B-00C04F79EFBC}") = "Unity.VisualScripting.Flow", "Unity.VisualScripting.Flow.csproj", "{5a8afb89-ef54-7a46-7abf-b17b631c6b71}"
EndProject
Project("{FAE04EC0-301F-11D3-BF4B-00C04F79EFBC}") = "Unity.VisualScripting.State", "Unity.VisualScripting.State.csproj", "{16e80052-ce86-4558-cd3a-16d0a43d4adc}"
EndProject
Project("{FAE04EC0-301F-11D3-BF4B-00C04F79EFBC}") = "Unity.VisualScripting.Core", "Unity.VisualScripting.Core.csproj", "{7c27c227-6246-a873-508f-5eb5303b962e}"
EndProject
Project("{FAE04EC0-301F-11D3-BF4B-00C04F79EFBC}") = "Unity.TextMeshPro", "Unity.TextMeshPro.csproj", "{e2f60ef6-1044-445a-0f70-6fe9a47fb3ee}"
EndProject
Project("{FAE04EC0-301F-11D3-BF4B-00C04F79EFBC}") = "Unity.Timeline", "Unity.Timeline.csproj", "{975e05aa-652d-bab1-df0b-20f652d6ed11}"
EndProject
Project("{FAE04EC0-301F-11D3-BF4B-00C04F79EFBC}") = "BaseAction", "BaseAction.csproj", "{14703b24-4c02-536f-3a29-3358d612319a}"
EndProject
Project("{FAE04EC0-301F-11D3-BF4B-00C04F79EFBC}") = "Unity.PlasticSCM.Editor", "Unity.PlasticSCM.Editor.csproj", "{f6e97103-cba2-566f-03f0-c2901fe6aa47}"
EndProject
Project("{FAE04EC0-301F-11D3-BF4B-00C04F79EFBC}") = "Unity.VisualScripting.Core.Editor", "Unity.VisualScripting.Core.Editor.csproj", "{80031afa-f538-a2d5-7dd5-277e73533046}"
EndProject
Project("{FAE04EC0-301F-11D3-BF4B-00C04F79EFBC}") = "Unity.VisualScripting.Flow.Editor", "Unity.VisualScripting.Flow.Editor.csproj", "{e8adb728-d047-3f59-5be3-9bbfa2aa1d82}"
EndProject
Project("{FAE04EC0-301F-11D3-BF4B-00C04F79EFBC}") = "Unity.VisualStudio.Editor", "Unity.VisualStudio.Editor.csproj", "{a794c209-6797-ae82-859f-1447b4e1cd71}"
EndProject
Project("{FAE04EC0-301F-11D3-BF4B-00C04F79EFBC}") = "Unity.Timeline.Editor", "Unity.Timeline.Editor.csproj", "{ddc1b30a-2afe-c377-c353-cfdf7c1f2c4d}"
EndProject
Project("{FAE04EC0-301F-11D3-BF4B-00C04F79EFBC}") = "Unity.VisualScripting.State.Editor", "Unity.VisualScripting.State.Editor.csproj", "{891ac46d-2815-cf8e-18a0-d3c38edda13a}"
EndProject
Project("{FAE04EC0-301F-11D3-BF4B-00C04F79EFBC}") = "Unity.TextMeshPro.Editor", "Unity.TextMeshPro.Editor.csproj", "{8cf8f495-3158-34f3-ce1f-7b2b257cd2c4}"
EndProject
Project("{FAE04EC0-301F-11D3-BF4B-00C04F79EFBC}") = "Unity.VisualScripting.SettingsProvider.Editor", "Unity.VisualScripting.SettingsProvider.Editor.csproj", "{7aeee56d-d161-44ee-eb51-7a091cfb6663}"
EndProject
Project("{FAE04EC0-301F-11D3-BF4B-00C04F79EFBC}") = "UnityEditor.TestRunner", "UnityEditor.TestRunner.csproj", "{9480cc28-57c7-89ea-803e-a9773fe79e2c}"
EndProject
Project("{FAE04EC0-301F-11D3-BF4B-00C04F79EFBC}") = "Unity.TestTools.CodeCoverage.Editor", "Unity.TestTools.CodeCoverage.Editor.csproj", "{1a0fd403-f902-d6ac-e0f7-b56f530d53e0}"
EndProject
Project("{FAE04EC0-301F-11D3-BF4B-00C04F79EFBC}") = "Unity.Rider.Editor", "Unity.Rider.Editor.csproj", "{66009807-80e0-3688-c5c2-e1374b48c805}"
EndProject
Project("{FAE04EC0-301F-11D3-BF4B-00C04F79EFBC}") = "Unity.Performance.Profile-Analyzer.Editor", "Unity.Performance.Profile-Analyzer.Editor.csproj", "{3469c634-3160-d722-f310-8b66e692659d}"
EndProject
Project("{FAE04EC0-301F-11D3-BF4B-00C04F79EFBC}") = "Unity.VSCode.Editor", "Unity.VSCode.Editor.csproj", "{82a430bf-27e0-073b-0031-92ee0140d6c2}"
EndProject
Project("{FAE04EC0-301F-11D3-BF4B-00C04F79EFBC}") = "UnityEditor.UI", "UnityEditor.UI.csproj", "{db7fb96d-79c6-ce0b-ee04-69dfe93fb35e}"
EndProject
Project("{FAE04EC0-301F-11D3-BF4B-00C04F79EFBC}") = "Unity.TestTools.CodeCoverage.Editor.OpenCover.Model", "Unity.TestTools.CodeCoverage.Editor.OpenCover.Model.csproj", "{15db7292-1c73-b184-1411-08313468b127}"
EndProject
Project("{FAE04EC0-301F-11D3-BF4B-00C04F79EFBC}") = "Unity.EditorCoroutines.Editor", "Unity.EditorCoroutines.Editor.csproj", "{67a5c3f3-536e-5c60-9404-b242c4f859db}"
EndProject
Project("{FAE04EC0-301F-11D3-BF4B-00C04F79EFBC}") = "Unity.Settings.Editor", "Unity.Settings.Editor.csproj", "{00c325e1-0ee7-da33-a25d-ca4fcb53b7d0}"
EndProject
Project("{FAE04EC0-301F-11D3-BF4B-00C04F79EFBC}") = "Unity.CollabProxy.Editor", "Unity.CollabProxy.Editor.csproj", "{a35d50c3-88a8-260f-d2ac-757e22a3552a}"
EndProject
Project("{FAE04EC0-301F-11D3-BF4B-00C04F79EFBC}") = "Unity.TestTools.CodeCoverage.Editor.OpenCover.Mono.Reflection", "Unity.TestTools.CodeCoverage.Editor.OpenCover.Mono.Reflection.csproj", "{3b38949f-d028-5f1e-8154-d01865c47f70}"
EndProject
Project("{FAE04EC0-301F-11D3-BF4B-00C04F79EFBC}") = "Unity.VisualScripting.Shared.Editor", "Unity.VisualScripting.Shared.Editor.csproj", "{b3238f2e-aac4-1a0f-66f8-8c73fce57c52}"
EndProject
Global
	GlobalSection(SolutionConfigurationPlatforms) = preSolution
		Debug|Any CPU = Debug|Any CPU
	EndGlobalSection
	GlobalSection(ProjectConfigurationPlatforms) = postSolution
		{999d3d70-9cca-d0c3-a550-71bf2101e952}.Debug|Any CPU.ActiveCfg = Debug|Any CPU
		{999d3d70-9cca-d0c3-a550-71bf2101e952}.Debug|Any CPU.Build.0 = Debug|Any CPU
		{3c3d8fb2-818c-c6e0-04f2-2354a7479487}.Debug|Any CPU.ActiveCfg = Debug|Any CPU
		{3c3d8fb2-818c-c6e0-04f2-2354a7479487}.Debug|Any CPU.Build.0 = Debug|Any CPU
		{5a8afb89-ef54-7a46-7abf-b17b631c6b71}.Debug|Any CPU.ActiveCfg = Debug|Any CPU
		{5a8afb89-ef54-7a46-7abf-b17b631c6b71}.Debug|Any CPU.Build.0 = Debug|Any CPU
		{16e80052-ce86-4558-cd3a-16d0a43d4adc}.Debug|Any CPU.ActiveCfg = Debug|Any CPU
		{16e80052-ce86-4558-cd3a-16d0a43d4adc}.Debug|Any CPU.Build.0 = Debug|Any CPU
		{7c27c227-6246-a873-508f-5eb5303b962e}.Debug|Any CPU.ActiveCfg = Debug|Any CPU
		{7c27c227-6246-a873-508f-5eb5303b962e}.Debug|Any CPU.Build.0 = Debug|Any CPU
		{e2f60ef6-1044-445a-0f70-6fe9a47fb3ee}.Debug|Any CPU.ActiveCfg = Debug|Any CPU
		{e2f60ef6-1044-445a-0f70-6fe9a47fb3ee}.Debug|Any CPU.Build.0 = Debug|Any CPU
		{975e05aa-652d-bab1-df0b-20f652d6ed11}.Debug|Any CPU.ActiveCfg = Debug|Any CPU
		{975e05aa-652d-bab1-df0b-20f652d6ed11}.Debug|Any CPU.Build.0 = Debug|Any CPU
		{14703b24-4c02-536f-3a29-3358d612319a}.Debug|Any CPU.ActiveCfg = Debug|Any CPU
		{14703b24-4c02-536f-3a29-3358d612319a}.Debug|Any CPU.Build.0 = Debug|Any CPU
		{f6e97103-cba2-566f-03f0-c2901fe6aa47}.Debug|Any CPU.ActiveCfg = Debug|Any CPU
		{f6e97103-cba2-566f-03f0-c2901fe6aa47}.Debug|Any CPU.Build.0 = Debug|Any CPU
		{80031afa-f538-a2d5-7dd5-277e73533046}.Debug|Any CPU.ActiveCfg = Debug|Any CPU
		{80031afa-f538-a2d5-7dd5-277e73533046}.Debug|Any CPU.Build.0 = Debug|Any CPU
		{e8adb728-d047-3f59-5be3-9bbfa2aa1d82}.Debug|Any CPU.ActiveCfg = Debug|Any CPU
		{e8adb728-d047-3f59-5be3-9bbfa2aa1d82}.Debug|Any CPU.Build.0 = Debug|Any CPU
		{a794c209-6797-ae82-859f-1447b4e1cd71}.Debug|Any CPU.ActiveCfg = Debug|Any CPU
		{a794c209-6797-ae82-859f-1447b4e1cd71}.Debug|Any CPU.Build.0 = Debug|Any CPU
		{ddc1b30a-2afe-c377-c353-cfdf7c1f2c4d}.Debug|Any CPU.ActiveCfg = Debug|Any CPU
		{ddc1b30a-2afe-c377-c353-cfdf7c1f2c4d}.Debug|Any CPU.Build.0 = Debug|Any CPU
		{891ac46d-2815-cf8e-18a0-d3c38edda13a}.Debug|Any CPU.ActiveCfg = Debug|Any CPU
		{891ac46d-2815-cf8e-18a0-d3c38edda13a}.Debug|Any CPU.Build.0 = Debug|Any CPU
		{8cf8f495-3158-34f3-ce1f-7b2b257cd2c4}.Debug|Any CPU.ActiveCfg = Debug|Any CPU
		{8cf8f495-3158-34f3-ce1f-7b2b257cd2c4}.Debug|Any CPU.Build.0 = Debug|Any CPU
		{7aeee56d-d161-44ee-eb51-7a091cfb6663}.Debug|Any CPU.ActiveCfg = Debug|Any CPU
		{7aeee56d-d161-44ee-eb51-7a091cfb6663}.Debug|Any CPU.Build.0 = Debug|Any CPU
		{9480cc28-57c7-89ea-803e-a9773fe79e2c}.Debug|Any CPU.ActiveCfg = Debug|Any CPU
		{9480cc28-57c7-89ea-803e-a9773fe79e2c}.Debug|Any CPU.Build.0 = Debug|Any CPU
		{1a0fd403-f902-d6ac-e0f7-b56f530d53e0}.Debug|Any CPU.ActiveCfg = Debug|Any CPU
		{1a0fd403-f902-d6ac-e0f7-b56f530d53e0}.Debug|Any CPU.Build.0 = Debug|Any CPU
		{66009807-80e0-3688-c5c2-e1374b48c805}.Debug|Any CPU.ActiveCfg = Debug|Any CPU
		{66009807-80e0-3688-c5c2-e1374b48c805}.Debug|Any CPU.Build.0 = Debug|Any CPU
		{3469c634-3160-d722-f310-8b66e692659d}.Debug|Any CPU.ActiveCfg = Debug|Any CPU
		{3469c634-3160-d722-f310-8b66e692659d}.Debug|Any CPU.Build.0 = Debug|Any CPU
		{82a430bf-27e0-073b-0031-92ee0140d6c2}.Debug|Any CPU.ActiveCfg = Debug|Any CPU
		{82a430bf-27e0-073b-0031-92ee0140d6c2}.Debug|Any CPU.Build.0 = Debug|Any CPU
		{db7fb96d-79c6-ce0b-ee04-69dfe93fb35e}.Debug|Any CPU.ActiveCfg = Debug|Any CPU
		{db7fb96d-79c6-ce0b-ee04-69dfe93fb35e}.Debug|Any CPU.Build.0 = Debug|Any CPU
		{15db7292-1c73-b184-1411-08313468b127}.Debug|Any CPU.ActiveCfg = Debug|Any CPU
		{15db7292-1c73-b184-1411-08313468b127}.Debug|Any CPU.Build.0 = Debug|Any CPU
		{67a5c3f3-536e-5c60-9404-b242c4f859db}.Debug|Any CPU.ActiveCfg = Debug|Any CPU
		{67a5c3f3-536e-5c60-9404-b242c4f859db}.Debug|Any CPU.Build.0 = Debug|Any CPU
		{00c325e1-0ee7-da33-a25d-ca4fcb53b7d0}.Debug|Any CPU.ActiveCfg = Debug|Any CPU
		{00c325e1-0ee7-da33-a25d-ca4fcb53b7d0}.Debug|Any CPU.Build.0 = Debug|Any CPU
		{a35d50c3-88a8-260f-d2ac-757e22a3552a}.Debug|Any CPU.ActiveCfg = Debug|Any CPU
		{a35d50c3-88a8-260f-d2ac-757e22a3552a}.Debug|Any CPU.Build.0 = Debug|Any CPU
		{3b38949f-d028-5f1e-8154-d01865c47f70}.Debug|Any CPU.ActiveCfg = Debug|Any CPU
		{3b38949f-d028-5f1e-8154-d01865c47f70}.Debug|Any CPU.Build.0 = Debug|Any CPU
		{b3238f2e-aac4-1a0f-66f8-8c73fce57c52}.Debug|Any CPU.ActiveCfg = Debug|Any CPU
		{b3238f2e-aac4-1a0f-66f8-8c73fce57c52}.Debug|Any CPU.Build.0 = Debug|Any CPU
	EndGlobalSection
	GlobalSection(SolutionProperties) = preSolution
		HideSolutionNode = FALSE
	EndGlobalSection
EndGlobal
